
Microsoft Visual Studio Solution File, Format Version 12.00
# Visual Studio 15
VisualStudioVersion = 15.0.28307.1062
MinimumVisualStudioVersion = 10.0.40219.1
Project("{FAE04EC0-301F-11D3-BF4B-00C04F79EFBC}") = "WindowsFormsApp1", "WindowsFormsApp1\WindowsFormsApp1.csproj", "{63C31685-EBC6-4F92-B042-E59DAD996503}"
EndProject
Global
	GlobalSection(SolutionConfigurationPlatforms) = preSolution
		Debug|Any CPU = Debug|Any CPU
		Release|Any CPU = Release|Any CPU
	EndGlobalSection
	GlobalSection(ProjectConfigurationPlatforms) = postSolution
		{63C31685-EBC6-4F92-B042-E59DAD996503}.Debug|Any CPU.ActiveCfg = Debug|Any CPU
		{63C31685-EBC6-4F92-B042-E59DAD996503}.Debug|Any CPU.Build.0 = Debug|Any CPU
		{63C31685-EBC6-4F92-B042-E59DAD996503}.Release|Any CPU.ActiveCfg = Release|Any CPU
		{63C31685-EBC6-4F92-B042-E59DAD996503}.Release|Any CPU.Build.0 = Release|Any CPU
	EndGlobalSection
	GlobalSection(SolutionProperties) = preSolution
		HideSolutionNode = FALSE
	EndGlobalSection
	GlobalSection(ExtensibilityGlobals) = postSolution
		SolutionGuid = {975CBE74-FA9E-45A0-9BA3-4CA624D42B3F}
	EndGlobalSection
EndGlobal
